
Microsoft Visual Studio Solution File, Format Version 12.00
# Visual Studio Version 17
VisualStudioVersion = 17.10.35004.147
MinimumVisualStudioVersion = 10.0.40219.1
Project("{FAE04EC0-301F-11D3-BF4B-00C04F79EFBC}") = "Cooked", "Cooked\Cooked.csproj", "{B061EC7A-7A30-47B6-9817-332040B3701A}"
EndProject
Global
	GlobalSection(SolutionConfigurationPlatforms) = preSolution
		Debug|Any CPU = Debug|Any CPU
		Release|Any CPU = Release|Any CPU
	EndGlobalSection
	GlobalSection(ProjectConfigurationPlatforms) = postSolution
		{B061EC7A-7A30-47B6-9817-332040B3701A}.Debug|Any CPU.ActiveCfg = Debug|Any CPU
		{B061EC7A-7A30-47B6-9817-332040B3701A}.Debug|Any CPU.Build.0 = Debug|Any CPU
		{B061EC7A-7A30-47B6-9817-332040B3701A}.Release|Any CPU.ActiveCfg = Release|Any CPU
		{B061EC7A-7A30-47B6-9817-332040B3701A}.Release|Any CPU.Build.0 = Release|Any CPU
	EndGlobalSection
	GlobalSection(SolutionProperties) = preSolution
		HideSolutionNode = FALSE
	EndGlobalSection
	GlobalSection(ExtensibilityGlobals) = postSolution
		SolutionGuid = {B448727C-3336-475E-B444-316B83370FD6}
	EndGlobalSection
EndGlobal
